// !$*UTF8*$!
{
	archiveVersion = 1;
	classes = {
	};
	objectVersion = 46;
	objects = {

/* Begin PBXBuildFile section */
		7D7101111DA26648006826AE /* BleachURLS.swift in Sources */ = {isa = PBXBuildFile; fileRef = 7D7101101DA26648006826AE /* BleachURLS.swift */; };
		7D716C041DA255D400B54A0F /* AppDelegate.swift in Sources */ = {isa = PBXBuildFile; fileRef = 7D716C031DA255D400B54A0F /* AppDelegate.swift */; };
		7D716C091DA255D400B54A0F /* Main.storyboard in Resources */ = {isa = PBXBuildFile; fileRef = 7D716C071DA255D400B54A0F /* Main.storyboard */; };
		7D716C0B1DA255D400B54A0F /* Assets.xcassets in Resources */ = {isa = PBXBuildFile; fileRef = 7D716C0A1DA255D400B54A0F /* Assets.xcassets */; };
		7D716C0E1DA255D400B54A0F /* LaunchScreen.storyboard in Resources */ = {isa = PBXBuildFile; fileRef = 7D716C0C1DA255D400B54A0F /* LaunchScreen.storyboard */; };
		7DDFDF791DA2581F00C446A3 /* ImageViewController.swift in Sources */ = {isa = PBXBuildFile; fileRef = 7DDFDF781DA2581F00C446A3 /* ImageViewController.swift */; };
		7DDFDF7B1DA25A0200C446A3 /* BleachViewController.swift in Sources */ = {isa = PBXBuildFile; fileRef = 7DDFDF7A1DA25A0200C446A3 /* BleachViewController.swift */; };
/* End PBXBuildFile section */

/* Begin PBXFileReference section */
		7D7101101DA26648006826AE /* BleachURLS.swift */ = {isa = PBXFileReference; fileEncoding = 4; lastKnownFileType = sourcecode.swift; path = BleachURLS.swift; sourceTree = "<group>"; };
		7D716C001DA255D400B54A0F /* Bleach.app */ = {isa = PBXFileReference; explicitFileType = wrapper.application; includeInIndex = 0; path = Bleach.app; sourceTree = BUILT_PRODUCTS_DIR; };
		7D716C031DA255D400B54A0F /* AppDelegate.swift */ = {isa = PBXFileReference; lastKnownFileType = sourcecode.swift; path = AppDelegate.swift; sourceTree = "<group>"; };
		7D716C081DA255D400B54A0F /* Base */ = {isa = PBXFileReference; lastKnownFileType = file.storyboard; name = Base; path = Base.lproj/Main.storyboard; sourceTree = "<group>"; };
		7D716C0A1DA255D400B54A0F /* Assets.xcassets */ = {isa = PBXFileReference; lastKnownFileType = folder.assetcatalog; path = Assets.xcassets; sourceTree = "<group>"; };
		7D716C0D1DA255D400B54A0F /* Base */ = {isa = PBXFileReference; lastKnownFileType = file.storyboard; name = Base; path = Base.lproj/LaunchScreen.storyboard; sourceTree = "<group>"; };
		7D716C0F1DA255D400B54A0F /* Info.plist */ = {isa = PBXFileReference; lastKnownFileType = text.plist.xml; path = Info.plist; sourceTree = "<group>"; };
		7DDFDF781DA2581F00C446A3 /* ImageViewController.swift */ = {isa = PBXFileReference; fileEncoding = 4; lastKnownFileType = sourcecode.swift; path = ImageViewController.swift; sourceTree = "<group>"; };
		7DDFDF7A1DA25A0200C446A3 /* BleachViewController.swift */ = {isa = PBXFileReference; fileEncoding = 4; lastKnownFileType = sourcecode.swift; path = BleachViewController.swift; sourceTree = "<group>"; };
/* End PBXFileReference section */

/* Begin PBXFrameworksBuildPhase section */
		7D716BFD1DA255D300B54A0F /* Frameworks */ = {
			isa = PBXFrameworksBuildPhase;
			buildActionMask = 2147483647;
			files = (
			);
			runOnlyForDeploymentPostprocessing = 0;
		};
/* End PBXFrameworksBuildPhase section */

/* Begin PBXGroup section */
		7D716BF71DA255D300B54A0F = {
			isa = PBXGroup;
			children = (
				7D716C021DA255D400B54A0F /* Bleach */,
				7D716C011DA255D400B54A0F /* Products */,
			);
			sourceTree = "<group>";
		};
		7D716C011DA255D400B54A0F /* Products */ = {
			isa = PBXGroup;
			children = (
				7D716C001DA255D400B54A0F /* Bleach.app */,
			);
			name = Products;
			sourceTree = "<group>";
		};
		7D716C021DA255D400B54A0F /* Bleach */ = {
			isa = PBXGroup;
			children = (
				7DDFDF771DA2577300C446A3 /* Support Files */,
				7D716C071DA255D400B54A0F /* Main.storyboard */,
				7DDFDF7A1DA25A0200C446A3 /* BleachViewController.swift */,
				7DDFDF781DA2581F00C446A3 /* ImageViewController.swift */,
				7D7101101DA26648006826AE /* BleachURLS.swift */,
				7D716C0A1DA255D400B54A0F /* Assets.xcassets */,
			);
			path = Bleach;
			sourceTree = "<group>";
		};
		7DDFDF771DA2577300C446A3 /* Support Files */ = {
			isa = PBXGroup;
			children = (
				7D716C031DA255D400B54A0F /* AppDelegate.swift */,
				7D716C0C1DA255D400B54A0F /* LaunchScreen.storyboard */,
				7D716C0F1DA255D400B54A0F /* Info.plist */,
			);
			name = "Support Files";
			sourceTree = "<group>";
		};
/* End PBXGroup section */

/* Begin PBXNativeTarget section */
		7D716BFF1DA255D300B54A0F /* Bleach */ = {
			isa = PBXNativeTarget;
			buildConfigurationList = 7D716C121DA255D400B54A0F /* Build configuration list for PBXNativeTarget "Bleach" */;
			buildPhases = (
				7D716BFC1DA255D300B54A0F /* Sources */,
				7D716BFD1DA255D300B54A0F /* Frameworks */,
				7D716BFE1DA255D300B54A0F /* Resources */,
			);
			buildRules = (
			);
			dependencies = (
			);
			name = Bleach;
			productName = Bleach;
			productReference = 7D716C001DA255D400B54A0F /* Bleach.app */;
			productType = "com.apple.product-type.application";
		};
/* End PBXNativeTarget section */

/* Begin PBXProject section */
		7D716BF81DA255D300B54A0F /* Project object */ = {
			isa = PBXProject;
			attributes = {
				LastSwiftUpdateCheck = 0800;
				LastUpgradeCheck = 0800;
				ORGANIZATIONNAME = "Jason Franklin";
				TargetAttributes = {
					7D716BFF1DA255D300B54A0F = {
						CreatedOnToolsVersion = 8.0;
						DevelopmentTeam = PADKVAD82M;
						ProvisioningStyle = Automatic;
					};
				};
			};
			buildConfigurationList = 7D716BFB1DA255D300B54A0F /* Build configuration list for PBXProject "Bleach" */;
			compatibilityVersion = "Xcode 3.2";
			developmentRegion = English;
			hasScannedForEncodings = 0;
			knownRegions = (
				en,
				Base,
			);
			mainGroup = 7D716BF71DA255D300B54A0F;
			productRefGroup = 7D716C011DA255D400B54A0F /* Products */;
			projectDirPath = "";
			projectRoot = "";
			targets = (
				7D716BFF1DA255D300B54A0F /* Bleach */,
			);
		};
/* End PBXProject section */

/* Begin PBXResourcesBuildPhase section */
		7D716BFE1DA255D300B54A0F /* Resources */ = {
			isa = PBXResourcesBuildPhase;
			buildActionMask = 2147483647;
			files = (
				7D716C0E1DA255D400B54A0F /* LaunchScreen.storyboard in Resources */,
				7D716C0B1DA255D400B54A0F /* Assets.xcassets in Resources */,
				7D716C091DA255D400B54A0F /* Main.storyboard in Resources */,
			);
			runOnlyForDeploymentPostprocessing = 0;
		};
/* End PBXResourcesBuildPhase section */

/* Begin PBXSourcesBuildPhase section */
		7D716BFC1DA255D300B54A0F /* Sources */ = {
			isa = PBXSourcesBuildPhase;
			buildActionMask = 2147483647;
			files = (
				7D7101111DA26648006826AE /* BleachURLS.swift in Sources */,
				7DDFDF791DA2581F00C446A3 /* ImageViewController.swift in Sources */,
				7D716C041DA255D400B54A0F /* AppDelegate.swift in Sources */,
				7DDFDF7B1DA25A0200C446A3 /* BleachViewController.swift in Sources */,
			);
			runOnlyForDeploymentPostprocessing = 0;
		};
/* End PBXSourcesBuildPhase section */

/* Begin PBXVariantGroup section */
		7D716C071DA255D400B54A0F /* Main.storyboard */ = {
			isa = PBXVariantGroup;
			children = (
				7D716C081DA255D400B54A0F /* Base */,
			);
			name = Main.storyboard;
			sourceTree = "<group>";
		};
		7D716C0C1DA255D400B54A0F /* LaunchScreen.storyboard */ = {
			isa = PBXVariantGroup;
			children = (
				7D716C0D1DA255D400B54A0F /* Base */,
			);
			name = LaunchScreen.storyboard;
			sourceTree = "<group>";
		};
/* End PBXVariantGroup section */

/* Begin XCBuildConfiguration section */
		7D716C101DA255D400B54A0F /* Debug */ = {
			isa = XCBuildConfiguration;
			buildSettings = {
				ALWAYS_SEARCH_USER_PATHS = NO;
				CLANG_ANALYZER_NONNULL = YES;
				CLANG_CXX_LANGUAGE_STANDARD = "gnu++0x";
				CLANG_CXX_LIBRARY = "libc++";
				CLANG_ENABLE_MODULES = YES;
				CLANG_ENABLE_OBJC_ARC = YES;
				CLANG_WARN_BOOL_CONVERSION = YES;
				CLANG_WARN_CONSTANT_CONVERSION = YES;
				CLANG_WARN_DIRECT_OBJC_ISA_USAGE = YES_ERROR;
				CLANG_WARN_DOCUMENTATION_COMMENTS = YES;
				CLANG_WARN_EMPTY_BODY = YES;
				CLANG_WARN_ENUM_CONVERSION = YES;
				CLANG_WARN_INFINITE_RECURSION = YES;
				CLANG_WARN_INT_CONVERSION = YES;
				CLANG_WARN_OBJC_ROOT_CLASS = YES_ERROR;
				CLANG_WARN_SUSPICIOUS_MOVES = YES;
				CLANG_WARN_UNREACHABLE_CODE = YES;
				CLANG_WARN__DUPLICATE_METHOD_MATCH = YES;
				"CODE_SIGN_IDENTITY[sdk=iphoneos*]" = "iPhone Developer";
				COPY_PHASE_STRIP = NO;
				DEBUG_INFORMATION_FORMAT = dwarf;
				ENABLE_STRICT_OBJC_MSGSEND = YES;
				ENABLE_TESTABILITY = YES;
				GCC_C_LANGUAGE_STANDARD = gnu99;
				GCC_DYNAMIC_NO_PIC = NO;
				GCC_NO_COMMON_BLOCKS = YES;
				GCC_OPTIMIZATION_LEVEL = 0;
				GCC_PREPROCESSOR_DEFINITIONS = (
					"DEBUG=1",
					"$(inherited)",
				);
				GCC_WARN_64_TO_32_BIT_CONVERSION = YES;
				GCC_WARN_ABOUT_RETURN_TYPE = YES_ERROR;
				GCC_WARN_UNDECLARED_SELECTOR = YES;
				GCC_WARN_UNINITIALIZED_AUTOS = YES_AGGRESSIVE;
				GCC_WARN_UNUSED_FUNCTION = YES;
				GCC_WARN_UNUSED_VARIABLE = YES;
				IPHONEOS_DEPLOYMENT_TARGET = 10.0;
				MTL_ENABLE_DEBUG_INFO = YES;
				ONLY_ACTIVE_ARCH = YES;
				SDKROOT = iphoneos;
				SWIFT_ACTIVE_COMPILATION_CONDITIONS = DEBUG;
				SWIFT_OPTIMIZATION_LEVEL = "-Onone";
				TARGETED_DEVICE_FAMILY = "1,2";
			};
			name = Debug;
		};
		7D716C111DA255D400B54A0F /* Release */ = {
			isa = XCBuildConfiguration;
			buildSettings = {
				ALWAYS_SEARCH_USER_PATHS = NO;
				CLANG_ANALYZER_NONNULL = YES;
				CLANG_CXX_LANGUAGE_STANDARD = "gnu++0x";
				CLANG_CXX_LIBRARY = "libc++";
				CLANG_ENABLE_MODULES = YES;
				CLANG_ENABLE_OBJC_ARC = YES;
				CLANG_WARN_BOOL_CONVERSION = YES;
				CLANG_WARN_CONSTANT_CONVERSION = YES;
				CLANG_WARN_DIRECT_OBJC_ISA_USAGE = YES_ERROR;
				CLANG_WARN_DOCUMENTATION_COMMENTS = YES;
				CLANG_WARN_EMPTY_BODY = YES;
				CLANG_WARN_ENUM_CONVERSION = YES;
				CLANG_WARN_INFINITE_RECURSION = YES;
				CLANG_WARN_INT_CONVERSION = YES;
				CLANG_WARN_OBJC_ROOT_CLASS = YES_ERROR;
				CLANG_WARN_SUSPICIOUS_MOVES = YES;
				CLANG_WARN_UNREACHABLE_CODE = YES;
				CLANG_WARN__DUPLICATE_METHOD_MATCH = YES;
				"CODE_SIGN_IDENTITY[sdk=iphoneos*]" = "iPhone Developer";
				COPY_PHASE_STRIP = NO;
				DEBUG_INFORMATION_FORMAT = "dwarf-with-dsym";
				ENABLE_NS_ASSERTIONS = NO;
				ENABLE_STRICT_OBJC_MSGSEND = YES;
				GCC_C_LANGUAGE_STANDARD = gnu99;
				GCC_NO_COMMON_BLOCKS = YES;
				GCC_WARN_64_TO_32_BIT_CONVERSION = YES;
				GCC_WARN_ABOUT_RETURN_TYPE = YES_ERROR;
				GCC_WARN_UNDECLARED_SELECTOR = YES;
				GCC_WARN_UNINITIALIZED_AUTOS = YES_AGGRESSIVE;
				GCC_WARN_UNUSED_FUNCTION = YES;
				GCC_WARN_UNUSED_VARIABLE = YES;
				IPHONEOS_DEPLOYMENT_TARGET = 10.0;
				MTL_ENABLE_DEBUG_INFO = NO;
				SDKROOT = iphoneos;
				SWIFT_OPTIMIZATION_LEVEL = "-Owholemodule";
				TARGETED_DEVICE_FAMILY = "1,2";
				VALIDATE_PRODUCT = YES;
			};
			name = Release;
		};
		7D716C131DA255D400B54A0F /* Debug */ = {
			isa = XCBuildConfiguration;
			buildSettings = {
				ASSETCATALOG_COMPILER_APPICON_NAME = AppIcon;
				DEVELOPMENT_TEAM = PADKVAD82M;
				INFOPLIST_FILE = Bleach/Info.plist;
				LD_RUNPATH_SEARCH_PATHS = "$(inherited) @executable_path/Frameworks";
				PRODUCT_BUNDLE_IDENTIFIER = com.jason.franklin.Bleach;
				PRODUCT_NAME = "$(TARGET_NAME)";
				SWIFT_VERSION = 3.0;
			};
			name = Debug;
		};
		7D716C141DA255D400B54A0F /* Release */ = {
			isa = XCBuildConfiguration;
			buildSettings = {
				ASSETCATALOG_COMPILER_APPICON_NAME = AppIcon;
				DEVELOPMENT_TEAM = PADKVAD82M;
				INFOPLIST_FILE = Bleach/Info.plist;
				LD_RUNPATH_SEARCH_PATHS = "$(inherited) @executable_path/Frameworks";
				PRODUCT_BUNDLE_IDENTIFIER = com.jason.franklin.Bleach;
				PRODUCT_NAME = "$(TARGET_NAME)";
				SWIFT_VERSION = 3.0;
			};
			name = Release;
		};
/* End XCBuildConfiguration section */

/* Begin XCConfigurationList section */
		7D716BFB1DA255D300B54A0F /* Build configuration list for PBXProject "Bleach" */ = {
			isa = XCConfigurationList;
			buildConfigurations = (
				7D716C101DA255D400B54A0F /* Debug */,
				7D716C111DA255D400B54A0F /* Release */,
			);
			defaultConfigurationIsVisible = 0;
			defaultConfigurationName = Release;
		};
		7D716C121DA255D400B54A0F /* Build configuration list for PBXNativeTarget "Bleach" */ = {
			isa = XCConfigurationList;
			buildConfigurations = (
				7D716C131DA255D400B54A0F /* Debug */,
				7D716C141DA255D400B54A0F /* Release */,
			);
			defaultConfigurationIsVisible = 0;
			defaultConfigurationName = Release;
		};
/* End XCConfigurationList section */
	};
	rootObject = 7D716BF81DA255D300B54A0F /* Project object */;
}
